
Microsoft Visual Studio Solution File, Format Version 12.00
# Visual Studio 15
Project("{FAE04EC0-301F-11D3-BF4B-00C04F79EFBC}") = "Assembly-CSharp", "Assembly-CSharp.csproj", "{A552FA0D-E26A-BB8B-3F4E-BA45F0C3E4EF}"
EndProject
Project("{FAE04EC0-301F-11D3-BF4B-00C04F79EFBC}") = "Assembly-CSharp-Editor", "Assembly-CSharp-Editor.csproj", "{D14DB5AE-7B5F-8728-C8F0-10107952C296}"
EndProject
Global
	GlobalSection(SolutionConfigurationPlatforms) = preSolution
		Debug|Any CPU = Debug|Any CPU
		Release|Any CPU = Release|Any CPU
	EndGlobalSection
	GlobalSection(ProjectConfigurationPlatforms) = postSolution
		{A552FA0D-E26A-BB8B-3F4E-BA45F0C3E4EF}.Debug|Any CPU.ActiveCfg = Debug|Any CPU
		{A552FA0D-E26A-BB8B-3F4E-BA45F0C3E4EF}.Debug|Any CPU.Build.0 = Debug|Any CPU
		{A552FA0D-E26A-BB8B-3F4E-BA45F0C3E4EF}.Release|Any CPU.ActiveCfg = Release|Any CPU
		{A552FA0D-E26A-BB8B-3F4E-BA45F0C3E4EF}.Release|Any CPU.Build.0 = Release|Any CPU
		{D14DB5AE-7B5F-8728-C8F0-10107952C296}.Debug|Any CPU.ActiveCfg = Debug|Any CPU
		{D14DB5AE-7B5F-8728-C8F0-10107952C296}.Debug|Any CPU.Build.0 = Debug|Any CPU
		{D14DB5AE-7B5F-8728-C8F0-10107952C296}.Release|Any CPU.ActiveCfg = Release|Any CPU
		{D14DB5AE-7B5F-8728-C8F0-10107952C296}.Release|Any CPU.Build.0 = Release|Any CPU
	EndGlobalSection
	GlobalSection(SolutionProperties) = preSolution
		HideSolutionNode = FALSE
	EndGlobalSection
EndGlobal
